
Microsoft Visual Studio Solution File, Format Version 12.00
# Visual Studio 15
VisualStudioVersion = 15.0.27703.2042
MinimumVisualStudioVersion = 10.0.40219.1
Project("{FAE04EC0-301F-11D3-BF4B-00C04F79EFBC}") = "FridgeShop", "FridgeShop\FridgeShop.csproj", "{A7D8CE77-964F-4D41-B38E-EF4B62DD66CC}"
EndProject
Global
	GlobalSection(SolutionConfigurationPlatforms) = preSolution
		Debug|Any CPU = Debug|Any CPU
		Release|Any CPU = Release|Any CPU
	EndGlobalSection
	GlobalSection(ProjectConfigurationPlatforms) = postSolution
		{A7D8CE77-964F-4D41-B38E-EF4B62DD66CC}.Debug|Any CPU.ActiveCfg = Debug|Any CPU
		{A7D8CE77-964F-4D41-B38E-EF4B62DD66CC}.Debug|Any CPU.Build.0 = Debug|Any CPU
		{A7D8CE77-964F-4D41-B38E-EF4B62DD66CC}.Release|Any CPU.ActiveCfg = Release|Any CPU
		{A7D8CE77-964F-4D41-B38E-EF4B62DD66CC}.Release|Any CPU.Build.0 = Release|Any CPU
	EndGlobalSection
	GlobalSection(SolutionProperties) = preSolution
		HideSolutionNode = FALSE
	EndGlobalSection
	GlobalSection(ExtensibilityGlobals) = postSolution
		SolutionGuid = {40A94715-F144-4190-AA58-658D50CCE97E}
	EndGlobalSection
EndGlobal
